
Microsoft Visual Studio Solution File, Format Version 12.00
# Visual Studio Version 16
VisualStudioVersion = 16.0.29001.49
MinimumVisualStudioVersion = 10.0.40219.1
Project("{FAE04EC0-301F-11D3-BF4B-00C04F79EFBC}") = "SlipeAnalyticsServer", "SlipeAnalyticsServer\SlipeAnalyticsServer.csproj", "{65D9A1BB-AA14-4DAE-976F-11DD722258F8}"
EndProject
Global
	GlobalSection(SolutionConfigurationPlatforms) = preSolution
		Debug|Any CPU = Debug|Any CPU
		Release|Any CPU = Release|Any CPU
	EndGlobalSection
	GlobalSection(ProjectConfigurationPlatforms) = postSolution
		{65D9A1BB-AA14-4DAE-976F-11DD722258F8}.Debug|Any CPU.ActiveCfg = Debug|Any CPU
		{65D9A1BB-AA14-4DAE-976F-11DD722258F8}.Debug|Any CPU.Build.0 = Debug|Any CPU
		{65D9A1BB-AA14-4DAE-976F-11DD722258F8}.Release|Any CPU.ActiveCfg = Release|Any CPU
		{65D9A1BB-AA14-4DAE-976F-11DD722258F8}.Release|Any CPU.Build.0 = Release|Any CPU
	EndGlobalSection
	GlobalSection(SolutionProperties) = preSolution
		HideSolutionNode = FALSE
	EndGlobalSection
	GlobalSection(ExtensibilityGlobals) = postSolution
		SolutionGuid = {3ABE8729-BCD4-4E6D-9783-6FB44821CB6F}
	EndGlobalSection
EndGlobal
